// !$*UTF8*$!
{
	archiveVersion = 1;
	classes = {
	};
	objectVersion = 46;
	objects = {

/* Begin PBXBuildFile section */
		7E84E56E1ADFC43B0069BC83 /* main.m in Sources */ = {isa = PBXBuildFile; fileRef = 7E84E56D1ADFC43B0069BC83 /* main.m */; };
		7E84E5711ADFC43B0069BC83 /* AppDelegate.m in Sources */ = {isa = PBXBuildFile; fileRef = 7E84E5701ADFC43B0069BC83 /* AppDelegate.m */; };
		7E84E5741ADFC43B0069BC83 /* ViewController.m in Sources */ = {isa = PBXBuildFile; fileRef = 7E84E5731ADFC43B0069BC83 /* ViewController.m */; };
		7E84E5771ADFC43B0069BC83 /* Main.storyboard in Resources */ = {isa = PBXBuildFile; fileRef = 7E84E5751ADFC43B0069BC83 /* Main.storyboard */; };
		7E84E5791ADFC43B0069BC83 /* Images.xcassets in Resources */ = {isa = PBXBuildFile; fileRef = 7E84E5781ADFC43B0069BC83 /* Images.xcassets */; };
		7E84E57C1ADFC43B0069BC83 /* LaunchScreen.xib in Resources */ = {isa = PBXBuildFile; fileRef = 7E84E57A1ADFC43B0069BC83 /* LaunchScreen.xib */; };
		7E84E5881ADFC43B0069BC83 /* GitTestTests.m in Sources */ = {isa = PBXBuildFile; fileRef = 7E84E5871ADFC43B0069BC83 /* GitTestTests.m */; };
/* End PBXBuildFile section */

/* Begin PBXContainerItemProxy section */
		7E84E5821ADFC43B0069BC83 /* PBXContainerItemProxy */ = {
			isa = PBXContainerItemProxy;
			containerPortal = 7E84E5601ADFC43B0069BC83 /* Project object */;
			proxyType = 1;
			remoteGlobalIDString = 7E84E5671ADFC43B0069BC83;
			remoteInfo = GitTest;
		};
/* End PBXContainerItemProxy section */

/* Begin PBXFileReference section */
		7E84E5681ADFC43B0069BC83 /* GitTest.app */ = {isa = PBXFileReference; explicitFileType = wrapper.application; includeInIndex = 0; path = GitTest.app; sourceTree = BUILT_PRODUCTS_DIR; };
		7E84E56C1ADFC43B0069BC83 /* Info.plist */ = {isa = PBXFileReference; lastKnownFileType = text.plist.xml; path = Info.plist; sourceTree = "<group>"; };
		7E84E56D1ADFC43B0069BC83 /* main.m */ = {isa = PBXFileReference; lastKnownFileType = sourcecode.c.objc; path = main.m; sourceTree = "<group>"; };
		7E84E56F1ADFC43B0069BC83 /* AppDelegate.h */ = {isa = PBXFileReference; lastKnownFileType = sourcecode.c.h; path = AppDelegate.h; sourceTree = "<group>"; };
		7E84E5701ADFC43B0069BC83 /* AppDelegate.m */ = {isa = PBXFileReference; lastKnownFileType = sourcecode.c.objc; path = AppDelegate.m; sourceTree = "<group>"; };
		7E84E5721ADFC43B0069BC83 /* ViewController.h */ = {isa = PBXFileReference; lastKnownFileType = sourcecode.c.h; path = ViewController.h; sourceTree = "<group>"; };
		7E84E5731ADFC43B0069BC83 /* ViewController.m */ = {isa = PBXFileReference; lastKnownFileType = sourcecode.c.objc; path = ViewController.m; sourceTree = "<group>"; };
		7E84E5761ADFC43B0069BC83 /* Base */ = {isa = PBXFileReference; lastKnownFileType = file.storyboard; name = Base; path = Base.lproj/Main.storyboard; sourceTree = "<group>"; };
		7E84E5781ADFC43B0069BC83 /* Images.xcassets */ = {isa = PBXFileReference; lastKnownFileType = folder.assetcatalog; path = Images.xcassets; sourceTree = "<group>"; };
		7E84E57B1ADFC43B0069BC83 /* Base */ = {isa = PBXFileReference; lastKnownFileType = file.xib; name = Base; path = Base.lproj/LaunchScreen.xib; sourceTree = "<group>"; };
		7E84E5811ADFC43B0069BC83 /* GitTestTests.xctest */ = {isa = PBXFileReference; explicitFileType = wrapper.cfbundle; includeInIndex = 0; path = GitTestTests.xctest; sourceTree = BUILT_PRODUCTS_DIR; };
		7E84E5861ADFC43B0069BC83 /* Info.plist */ = {isa = PBXFileReference; lastKnownFileType = text.plist.xml; path = Info.plist; sourceTree = "<group>"; };
		7E84E5871ADFC43B0069BC83 /* GitTestTests.m */ = {isa = PBXFileReference; lastKnownFileType = sourcecode.c.objc; path = GitTestTests.m; sourceTree = "<group>"; };
/* End PBXFileReference section */

/* Begin PBXFrameworksBuildPhase section */
		7E84E5651ADFC43B0069BC83 /* Frameworks */ = {
			isa = PBXFrameworksBuildPhase;
			buildActionMask = 2147483647;
			files = (
			);
			runOnlyForDeploymentPostprocessing = 0;
		};
		7E84E57E1ADFC43B0069BC83 /* Frameworks */ = {
			isa = PBXFrameworksBuildPhase;
			buildActionMask = 2147483647;
			files = (
			);
			runOnlyForDeploymentPostprocessing = 0;
		};
/* End PBXFrameworksBuildPhase section */

/* Begin PBXGroup section */
		7E84E55F1ADFC43B0069BC83 = {
			isa = PBXGroup;
			children = (
				7E84E56A1ADFC43B0069BC83 /* GitTest */,
				7E84E5841ADFC43B0069BC83 /* GitTestTests */,
				7E84E5691ADFC43B0069BC83 /* Products */,
			);
			sourceTree = "<group>";
		};
		7E84E5691ADFC43B0069BC83 /* Products */ = {
			isa = PBXGroup;
			children = (
				7E84E5681ADFC43B0069BC83 /* GitTest.app */,
				7E84E5811ADFC43B0069BC83 /* GitTestTests.xctest */,
			);
			name = Products;
			sourceTree = "<group>";
		};
		7E84E56A1ADFC43B0069BC83 /* GitTest */ = {
			isa = PBXGroup;
			children = (
				7E84E56F1ADFC43B0069BC83 /* AppDelegate.h */,
				7E84E5701ADFC43B0069BC83 /* AppDelegate.m */,
				7E84E5721ADFC43B0069BC83 /* ViewController.h */,
				7E84E5731ADFC43B0069BC83 /* ViewController.m */,
				7E84E5751ADFC43B0069BC83 /* Main.storyboard */,
				7E84E5781ADFC43B0069BC83 /* Images.xcassets */,
				7E84E57A1ADFC43B0069BC83 /* LaunchScreen.xib */,
				7E84E56B1ADFC43B0069BC83 /* Supporting Files */,
			);
			path = GitTest;
			sourceTree = "<group>";
		};
		7E84E56B1ADFC43B0069BC83 /* Supporting Files */ = {
			isa = PBXGroup;
			children = (
				7E84E56C1ADFC43B0069BC83 /* Info.plist */,
				7E84E56D1ADFC43B0069BC83 /* main.m */,
			);
			name = "Supporting Files";
			sourceTree = "<group>";
		};
		7E84E5841ADFC43B0069BC83 /* GitTestTests */ = {
			isa = PBXGroup;
			children = (
				7E84E5871ADFC43B0069BC83 /* GitTestTests.m */,
				7E84E5851ADFC43B0069BC83 /* Supporting Files */,
			);
			path = GitTestTests;
			sourceTree = "<group>";
		};
		7E84E5851ADFC43B0069BC83 /* Supporting Files */ = {
			isa = PBXGroup;
			children = (
				7E84E5861ADFC43B0069BC83 /* Info.plist */,
			);
			name = "Supporting Files";
			sourceTree = "<group>";
		};
/* End PBXGroup section */

/* Begin PBXNativeTarget section */
		7E84E5671ADFC43B0069BC83 /* GitTest */ = {
			isa = PBXNativeTarget;
			buildConfigurationList = 7E84E58B1ADFC43B0069BC83 /* Build configuration list for PBXNativeTarget "GitTest" */;
			buildPhases = (
				7E84E5641ADFC43B0069BC83 /* Sources */,
				7E84E5651ADFC43B0069BC83 /* Frameworks */,
				7E84E5661ADFC43B0069BC83 /* Resources */,
			);
			buildRules = (
			);
			dependencies = (
			);
			name = GitTest;
			productName = GitTest;
			productReference = 7E84E5681ADFC43B0069BC83 /* GitTest.app */;
			productType = "com.apple.product-type.application";
		};
		7E84E5801ADFC43B0069BC83 /* GitTestTests */ = {
			isa = PBXNativeTarget;
			buildConfigurationList = 7E84E58E1ADFC43B0069BC83 /* Build configuration list for PBXNativeTarget "GitTestTests" */;
			buildPhases = (
				7E84E57D1ADFC43B0069BC83 /* Sources */,
				7E84E57E1ADFC43B0069BC83 /* Frameworks */,
				7E84E57F1ADFC43B0069BC83 /* Resources */,
			);
			buildRules = (
			);
			dependencies = (
				7E84E5831ADFC43B0069BC83 /* PBXTargetDependency */,
			);
			name = GitTestTests;
			productName = GitTestTests;
			productReference = 7E84E5811ADFC43B0069BC83 /* GitTestTests.xctest */;
			productType = "com.apple.product-type.bundle.unit-test";
		};
/* End PBXNativeTarget section */

/* Begin PBXProject section */
		7E84E5601ADFC43B0069BC83 /* Project object */ = {
			isa = PBXProject;
			attributes = {
				LastUpgradeCheck = 0620;
				ORGANIZATIONNAME = wangdong;
				TargetAttributes = {
					7E84E5671ADFC43B0069BC83 = {
						CreatedOnToolsVersion = 6.2;
					};
					7E84E5801ADFC43B0069BC83 = {
						CreatedOnToolsVersion = 6.2;
						TestTargetID = 7E84E5671ADFC43B0069BC83;
					};
				};
			};
			buildConfigurationList = 7E84E5631ADFC43B0069BC83 /* Build configuration list for PBXProject "GitTest" */;
			compatibilityVersion = "Xcode 3.2";
			developmentRegion = English;
			hasScannedForEncodings = 0;
			knownRegions = (
				en,
				Base,
			);
			mainGroup = 7E84E55F1ADFC43B0069BC83;
			productRefGroup = 7E84E5691ADFC43B0069BC83 /* Products */;
			projectDirPath = "";
			projectRoot = "";
			targets = (
				7E84E5671ADFC43B0069BC83 /* GitTest */,
				7E84E5801ADFC43B0069BC83 /* GitTestTests */,
			);
		};
/* End PBXProject section */

/* Begin PBXResourcesBuildPhase section */
		7E84E5661ADFC43B0069BC83 /* Resources */ = {
			isa = PBXResourcesBuildPhase;
			buildActionMask = 2147483647;
			files = (
				7E84E5771ADFC43B0069BC83 /* Main.storyboard in Resources */,
				7E84E57C1ADFC43B0069BC83 /* LaunchScreen.xib in Resources */,
				7E84E5791ADFC43B0069BC83 /* Images.xcassets in Resources */,
			);
			runOnlyForDeploymentPostprocessing = 0;
		};
		7E84E57F1ADFC43B0069BC83 /* Resources */ = {
			isa = PBXResourcesBuildPhase;
			buildActionMask = 2147483647;
			files = (
			);
			runOnlyForDeploymentPostprocessing = 0;
		};
/* End PBXResourcesBuildPhase section */

/* Begin PBXSourcesBuildPhase section */
		7E84E5641ADFC43B0069BC83 /* Sources */ = {
			isa = PBXSourcesBuildPhase;
			buildActionMask = 2147483647;
			files = (
				7E84E5741ADFC43B0069BC83 /* ViewController.m in Sources */,
				7E84E5711ADFC43B0069BC83 /* AppDelegate.m in Sources */,
				7E84E56E1ADFC43B0069BC83 /* main.m in Sources */,
			);
			runOnlyForDeploymentPostprocessing = 0;
		};
		7E84E57D1ADFC43B0069BC83 /* Sources */ = {
			isa = PBXSourcesBuildPhase;
			buildActionMask = 2147483647;
			files = (
				7E84E5881ADFC43B0069BC83 /* GitTestTests.m in Sources */,
			);
			runOnlyForDeploymentPostprocessing = 0;
		};
/* End PBXSourcesBuildPhase section */

/* Begin PBXTargetDependency section */
		7E84E5831ADFC43B0069BC83 /* PBXTargetDependency */ = {
			isa = PBXTargetDependency;
			target = 7E84E5671ADFC43B0069BC83 /* GitTest */;
			targetProxy = 7E84E5821ADFC43B0069BC83 /* PBXContainerItemProxy */;
		};
/* End PBXTargetDependency section */

/* Begin PBXVariantGroup section */
		7E84E5751ADFC43B0069BC83 /* Main.storyboard */ = {
			isa = PBXVariantGroup;
			children = (
				7E84E5761ADFC43B0069BC83 /* Base */,
			);
			name = Main.storyboard;
			sourceTree = "<group>";
		};
		7E84E57A1ADFC43B0069BC83 /* LaunchScreen.xib */ = {
			isa = PBXVariantGroup;
			children = (
				7E84E57B1ADFC43B0069BC83 /* Base */,
			);
			name = LaunchScreen.xib;
			sourceTree = "<group>";
		};
/* End PBXVariantGroup section */

/* Begin XCBuildConfiguration section */
		7E84E5891ADFC43B0069BC83 /* Debug */ = {
			isa = XCBuildConfiguration;
			buildSettings = {
				ALWAYS_SEARCH_USER_PATHS = NO;
				CLANG_CXX_LANGUAGE_STANDARD = "gnu++0x";
				CLANG_CXX_LIBRARY = "libc++";
				CLANG_ENABLE_MODULES = YES;
				CLANG_ENABLE_OBJC_ARC = YES;
				CLANG_WARN_BOOL_CONVERSION = YES;
				CLANG_WARN_CONSTANT_CONVERSION = YES;
				CLANG_WARN_DIRECT_OBJC_ISA_USAGE = YES_ERROR;
				CLANG_WARN_EMPTY_BODY = YES;
				CLANG_WARN_ENUM_CONVERSION = YES;
				CLANG_WARN_INT_CONVERSION = YES;
				CLANG_WARN_OBJC_ROOT_CLASS = YES_ERROR;
				CLANG_WARN_UNREACHABLE_CODE = YES;
				CLANG_WARN__DUPLICATE_METHOD_MATCH = YES;
				"CODE_SIGN_IDENTITY[sdk=iphoneos*]" = "iPhone Developer";
				COPY_PHASE_STRIP = NO;
				ENABLE_STRICT_OBJC_MSGSEND = YES;
				GCC_C_LANGUAGE_STANDARD = gnu99;
				GCC_DYNAMIC_NO_PIC = NO;
				GCC_OPTIMIZATION_LEVEL = 0;
				GCC_PREPROCESSOR_DEFINITIONS = (
					"DEBUG=1",
					"$(inherited)",
				);
				GCC_SYMBOLS_PRIVATE_EXTERN = NO;
				GCC_WARN_64_TO_32_BIT_CONVERSION = YES;
				GCC_WARN_ABOUT_RETURN_TYPE = YES_ERROR;
				GCC_WARN_UNDECLARED_SELECTOR = YES;
				GCC_WARN_UNINITIALIZED_AUTOS = YES_AGGRESSIVE;
				GCC_WARN_UNUSED_FUNCTION = YES;
				GCC_WARN_UNUSED_VARIABLE = YES;
				IPHONEOS_DEPLOYMENT_TARGET = 8.2;
				MTL_ENABLE_DEBUG_INFO = YES;
				ONLY_ACTIVE_ARCH = YES;
				SDKROOT = iphoneos;
				TARGETED_DEVICE_FAMILY = "1,2";
			};
			name = Debug;
		};
		7E84E58A1ADFC43B0069BC83 /* Release */ = {
			isa = XCBuildConfiguration;
			buildSettings = {
				ALWAYS_SEARCH_USER_PATHS = NO;
				CLANG_CXX_LANGUAGE_STANDARD = "gnu++0x";
				CLANG_CXX_LIBRARY = "libc++";
				CLANG_ENABLE_MODULES = YES;
				CLANG_ENABLE_OBJC_ARC = YES;
				CLANG_WARN_BOOL_CONVERSION = YES;
				CLANG_WARN_CONSTANT_CONVERSION = YES;
				CLANG_WARN_DIRECT_OBJC_ISA_USAGE = YES_ERROR;
				CLANG_WARN_EMPTY_BODY = YES;
				CLANG_WARN_ENUM_CONVERSION = YES;
				CLANG_WARN_INT_CONVERSION = YES;
				CLANG_WARN_OBJC_ROOT_CLASS = YES_ERROR;
				CLANG_WARN_UNREACHABLE_CODE = YES;
				CLANG_WARN__DUPLICATE_METHOD_MATCH = YES;
				"CODE_SIGN_IDENTITY[sdk=iphoneos*]" = "iPhone Developer";
				COPY_PHASE_STRIP = NO;
				ENABLE_NS_ASSERTIONS = NO;
				ENABLE_STRICT_OBJC_MSGSEND = YES;
				GCC_C_LANGUAGE_STANDARD = gnu99;
				GCC_WARN_64_TO_32_BIT_CONVERSION = YES;
				GCC_WARN_ABOUT_RETURN_TYPE = YES_ERROR;
				GCC_WARN_UNDECLARED_SELECTOR = YES;
				GCC_WARN_UNINITIALIZED_AUTOS = YES_AGGRESSIVE;
				GCC_WARN_UNUSED_FUNCTION = YES;
				GCC_WARN_UNUSED_VARIABLE = YES;
				IPHONEOS_DEPLOYMENT_TARGET = 8.2;
				MTL_ENABLE_DEBUG_INFO = NO;
				SDKROOT = iphoneos;
				TARGETED_DEVICE_FAMILY = "1,2";
				VALIDATE_PRODUCT = YES;
			};
			name = Release;
		};
		7E84E58C1ADFC43B0069BC83 /* Debug */ = {
			isa = XCBuildConfiguration;
			buildSettings = {
				ASSETCATALOG_COMPILER_APPICON_NAME = AppIcon;
				INFOPLIST_FILE = GitTest/Info.plist;
				LD_RUNPATH_SEARCH_PATHS = "$(inherited) @executable_path/Frameworks";
				PRODUCT_NAME = "$(TARGET_NAME)";
			};
			name = Debug;
		};
		7E84E58D1ADFC43B0069BC83 /* Release */ = {
			isa = XCBuildConfiguration;
			buildSettings = {
				ASSETCATALOG_COMPILER_APPICON_NAME = AppIcon;
				INFOPLIST_FILE = GitTest/Info.plist;
				LD_RUNPATH_SEARCH_PATHS = "$(inherited) @executable_path/Frameworks";
				PRODUCT_NAME = "$(TARGET_NAME)";
			};
			name = Release;
		};
		7E84E58F1ADFC43B0069BC83 /* Debug */ = {
			isa = XCBuildConfiguration;
			buildSettings = {
				BUNDLE_LOADER = "$(TEST_HOST)";
				FRAMEWORK_SEARCH_PATHS = (
					"$(SDKROOT)/Developer/Library/Frameworks",
					"$(inherited)",
				);
				GCC_PREPROCESSOR_DEFINITIONS = (
					"DEBUG=1",
					"$(inherited)",
				);
				INFOPLIST_FILE = GitTestTests/Info.plist;
				LD_RUNPATH_SEARCH_PATHS = "$(inherited) @executable_path/Frameworks @loader_path/Frameworks";
				PRODUCT_NAME = "$(TARGET_NAME)";
				TEST_HOST = "$(BUILT_PRODUCTS_DIR)/GitTest.app/GitTest";
			};
			name = Debug;
		};
		7E84E5901ADFC43B0069BC83 /* Release */ = {
			isa = XCBuildConfiguration;
			buildSettings = {
				BUNDLE_LOADER = "$(TEST_HOST)";
				FRAMEWORK_SEARCH_PATHS = (
					"$(SDKROOT)/Developer/Library/Frameworks",
					"$(inherited)",
				);
				INFOPLIST_FILE = GitTestTests/Info.plist;
				LD_RUNPATH_SEARCH_PATHS = "$(inherited) @executable_path/Frameworks @loader_path/Frameworks";
				PRODUCT_NAME = "$(TARGET_NAME)";
				TEST_HOST = "$(BUILT_PRODUCTS_DIR)/GitTest.app/GitTest";
			};
			name = Release;
		};
/* End XCBuildConfiguration section */

/* Begin XCConfigurationList section */
		7E84E5631ADFC43B0069BC83 /* Build configuration list for PBXProject "GitTest" */ = {
			isa = XCConfigurationList;
			buildConfigurations = (
				7E84E5891ADFC43B0069BC83 /* Debug */,
				7E84E58A1ADFC43B0069BC83 /* Release */,
			);
			defaultConfigurationIsVisible = 0;
			defaultConfigurationName = Release;
		};
		7E84E58B1ADFC43B0069BC83 /* Build configuration list for PBXNativeTarget "GitTest" */ = {
			isa = XCConfigurationList;
			buildConfigurations = (
				7E84E58C1ADFC43B0069BC83 /* Debug */,
				7E84E58D1ADFC43B0069BC83 /* Release */,
			);
			defaultConfigurationIsVisible = 0;
		};
		7E84E58E1ADFC43B0069BC83 /* Build configuration list for PBXNativeTarget "GitTestTests" */ = {
			isa = XCConfigurationList;
			buildConfigurations = (
				7E84E58F1ADFC43B0069BC83 /* Debug */,
				7E84E5901ADFC43B0069BC83 /* Release */,
			);
			defaultConfigurationIsVisible = 0;
		};
/* End XCConfigurationList section */
	};
	rootObject = 7E84E5601ADFC43B0069BC83 /* Project object */;
}
